
Microsoft Visual Studio Solution File, Format Version 12.00
# Visual Studio Version 17
VisualStudioVersion = 17.0.31903.59
MinimumVisualStudioVersion = 10.0.40219.1
Project("{FAE04EC0-301F-11D3-BF4B-00C04F79EFBC}") = "DataVisuals", "DataVisuals.csproj", "{E5C2693C-5281-40E8-BBC5-2BB845948AAA}"
EndProject
Global
	GlobalSection(SolutionConfigurationPlatforms) = preSolution
		Debug|Any CPU = Debug|Any CPU
		Release|Any CPU = Release|Any CPU
	EndGlobalSection
	GlobalSection(SolutionProperties) = preSolution
		HideSolutionNode = FALSE
	EndGlobalSection
	GlobalSection(ProjectConfigurationPlatforms) = postSolution
		{E5C2693C-5281-40E8-BBC5-2BB845948AAA}.Debug|Any CPU.ActiveCfg = Debug|Any CPU
		{E5C2693C-5281-40E8-BBC5-2BB845948AAA}.Debug|Any CPU.Build.0 = Debug|Any CPU
		{E5C2693C-5281-40E8-BBC5-2BB845948AAA}.Release|Any CPU.ActiveCfg = Release|Any CPU
		{E5C2693C-5281-40E8-BBC5-2BB845948AAA}.Release|Any CPU.Build.0 = Release|Any CPU
	EndGlobalSection
EndGlobal
